
Microsoft Visual Studio Solution File, Format Version 12.00
# Visual Studio Version 17
VisualStudioVersion = 17.1.31911.260
MinimumVisualStudioVersion = 10.0.40219.1
Project("{FAE04EC0-301F-11D3-BF4B-00C04F79EFBC}") = "HKTranslator", "HKTranslator\HKTranslator.csproj", "{BA09D1A2-CE93-471D-91B2-5BF6E1DFC6D4}"
EndProject
Global
	GlobalSection(SolutionConfigurationPlatforms) = preSolution
		Debug|Any CPU = Debug|Any CPU
		Release|Any CPU = Release|Any CPU
	EndGlobalSection
	GlobalSection(ProjectConfigurationPlatforms) = postSolution
		{BA09D1A2-CE93-471D-91B2-5BF6E1DFC6D4}.Debug|Any CPU.ActiveCfg = Debug|Any CPU
		{BA09D1A2-CE93-471D-91B2-5BF6E1DFC6D4}.Debug|Any CPU.Build.0 = Debug|Any CPU
		{BA09D1A2-CE93-471D-91B2-5BF6E1DFC6D4}.Release|Any CPU.ActiveCfg = Release|Any CPU
		{BA09D1A2-CE93-471D-91B2-5BF6E1DFC6D4}.Release|Any CPU.Build.0 = Release|Any CPU
	EndGlobalSection
	GlobalSection(SolutionProperties) = preSolution
		HideSolutionNode = FALSE
	EndGlobalSection
	GlobalSection(ExtensibilityGlobals) = postSolution
		SolutionGuid = {1E996C01-2A91-4EB8-80DD-4D046D5F98C3}
	EndGlobalSection
EndGlobal
